
Microsoft Visual Studio Solution File, Format Version 12.00
# Visual Studio Version 17
VisualStudioVersion = 17.11.35312.102
MinimumVisualStudioVersion = 10.0.40219.1
Project("{2150E333-8FDC-42A3-9474-1A3956D46DE8}") = "Services", "Services", "{98D369F1-828A-4EC6-BDA3-21E9FA522E66}"
EndProject
Project("{2150E333-8FDC-42A3-9474-1A3956D46DE8}") = "Catalog", "Catalog", "{5B19C78C-4FB4-4EE8-9352-51A8AB113AAA}"
EndProject
Project("{9A19103F-16F7-4668-BE54-9A1E7A4F7556}") = "Catalog.API", "Services\Catalog\Catalog.API\Catalog.API.csproj", "{D4B50358-1A47-4094-B6A4-25DB162345C2}"
EndProject
Project("{2150E333-8FDC-42A3-9474-1A3956D46DE8}") = "BuildingBlocks", "BuildingBlocks", "{94132353-2AE3-4CBB-B145-F87BADDDFE57}"
EndProject
Project("{9A19103F-16F7-4668-BE54-9A1E7A4F7556}") = "BuildingBlocks", "BuildingBlocks\BuildingBlocks\BuildingBlocks.csproj", "{82D9B3CA-6F8C-4779-8B54-F2538572506D}"
EndProject
Project("{E53339B2-1760-4266-BCC7-CA923CBCF16C}") = "docker-compose", "docker-compose.dcproj", "{43994AD5-1D9F-4D9E-A336-5774ABF0FE35}"
EndProject
Project("{2150E333-8FDC-42A3-9474-1A3956D46DE8}") = "Basket", "Basket", "{6EC6E548-5CE8-40F9-B55E-D91A772F2BF2}"
EndProject
Project("{FAE04EC0-301F-11D3-BF4B-00C04F79EFBC}") = "Basket.API", "Services\Basket\Basket.API\Basket.API.csproj", "{D36D30B1-32D0-4DE3-874A-A49DC58AB0BC}"
EndProject
Project("{2150E333-8FDC-42A3-9474-1A3956D46DE8}") = "Discount", "Discount", "{7D519C3B-C386-4D45-B407-AED6D8F28F86}"
EndProject
Project("{FAE04EC0-301F-11D3-BF4B-00C04F79EFBC}") = "Discount.Grpc", "Services\Discount\Discount.Grpc\Discount.Grpc.csproj", "{7C7F8F68-46CC-4F11-9B18-4B64A25EB72D}"
EndProject
Project("{2150E333-8FDC-42A3-9474-1A3956D46DE8}") = "Ordering", "Ordering", "{2E07FEE3-34D1-4621-BE33-9D028B160498}"
EndProject
Project("{FAE04EC0-301F-11D3-BF4B-00C04F79EFBC}") = "Ordering.API", "Services\Ordering\Ordering.API\Ordering.API.csproj", "{F99D1F1A-9DDA-4004-8B0E-B3ED0333C3C3}"
EndProject
Project("{FAE04EC0-301F-11D3-BF4B-00C04F79EFBC}") = "Ordering.Domain", "Services\Ordering\Ordering.Domain\Ordering.Domain.csproj", "{0719BEF4-98B5-4AE7-9B42-7FE33226156C}"
EndProject
Project("{FAE04EC0-301F-11D3-BF4B-00C04F79EFBC}") = "Ordering.Application", "Services\Ordering\Ordering.Application\Ordering.Application.csproj", "{C76F05B9-ED11-4CEB-A842-AC1E28C709BC}"
EndProject
Project("{FAE04EC0-301F-11D3-BF4B-00C04F79EFBC}") = "Ordering.Infrastracture", "Services\Ordering\Ordering.Infrastracture\Ordering.Infrastracture.csproj", "{5146AD15-6AD9-4D05-9E0D-3E499280F316}"
EndProject
Global
	GlobalSection(SolutionConfigurationPlatforms) = preSolution
		Debug|Any CPU = Debug|Any CPU
		Release|Any CPU = Release|Any CPU
	EndGlobalSection
	GlobalSection(ProjectConfigurationPlatforms) = postSolution
		{D4B50358-1A47-4094-B6A4-25DB162345C2}.Debug|Any CPU.ActiveCfg = Debug|Any CPU
		{D4B50358-1A47-4094-B6A4-25DB162345C2}.Debug|Any CPU.Build.0 = Debug|Any CPU
		{D4B50358-1A47-4094-B6A4-25DB162345C2}.Release|Any CPU.ActiveCfg = Release|Any CPU
		{D4B50358-1A47-4094-B6A4-25DB162345C2}.Release|Any CPU.Build.0 = Release|Any CPU
		{82D9B3CA-6F8C-4779-8B54-F2538572506D}.Debug|Any CPU.ActiveCfg = Debug|Any CPU
		{82D9B3CA-6F8C-4779-8B54-F2538572506D}.Debug|Any CPU.Build.0 = Debug|Any CPU
		{82D9B3CA-6F8C-4779-8B54-F2538572506D}.Release|Any CPU.ActiveCfg = Release|Any CPU
		{82D9B3CA-6F8C-4779-8B54-F2538572506D}.Release|Any CPU.Build.0 = Release|Any CPU
		{43994AD5-1D9F-4D9E-A336-5774ABF0FE35}.Debug|Any CPU.ActiveCfg = Debug|Any CPU
		{43994AD5-1D9F-4D9E-A336-5774ABF0FE35}.Debug|Any CPU.Build.0 = Debug|Any CPU
		{43994AD5-1D9F-4D9E-A336-5774ABF0FE35}.Release|Any CPU.ActiveCfg = Release|Any CPU
		{43994AD5-1D9F-4D9E-A336-5774ABF0FE35}.Release|Any CPU.Build.0 = Release|Any CPU
		{D36D30B1-32D0-4DE3-874A-A49DC58AB0BC}.Debug|Any CPU.ActiveCfg = Debug|Any CPU
		{D36D30B1-32D0-4DE3-874A-A49DC58AB0BC}.Debug|Any CPU.Build.0 = Debug|Any CPU
		{D36D30B1-32D0-4DE3-874A-A49DC58AB0BC}.Release|Any CPU.ActiveCfg = Release|Any CPU
		{D36D30B1-32D0-4DE3-874A-A49DC58AB0BC}.Release|Any CPU.Build.0 = Release|Any CPU
		{7C7F8F68-46CC-4F11-9B18-4B64A25EB72D}.Debug|Any CPU.ActiveCfg = Debug|Any CPU
		{7C7F8F68-46CC-4F11-9B18-4B64A25EB72D}.Debug|Any CPU.Build.0 = Debug|Any CPU
		{7C7F8F68-46CC-4F11-9B18-4B64A25EB72D}.Release|Any CPU.ActiveCfg = Release|Any CPU
		{7C7F8F68-46CC-4F11-9B18-4B64A25EB72D}.Release|Any CPU.Build.0 = Release|Any CPU
		{F99D1F1A-9DDA-4004-8B0E-B3ED0333C3C3}.Debug|Any CPU.ActiveCfg = Debug|Any CPU
		{F99D1F1A-9DDA-4004-8B0E-B3ED0333C3C3}.Debug|Any CPU.Build.0 = Debug|Any CPU
		{F99D1F1A-9DDA-4004-8B0E-B3ED0333C3C3}.Release|Any CPU.ActiveCfg = Release|Any CPU
		{F99D1F1A-9DDA-4004-8B0E-B3ED0333C3C3}.Release|Any CPU.Build.0 = Release|Any CPU
		{0719BEF4-98B5-4AE7-9B42-7FE33226156C}.Debug|Any CPU.ActiveCfg = Debug|Any CPU
		{0719BEF4-98B5-4AE7-9B42-7FE33226156C}.Debug|Any CPU.Build.0 = Debug|Any CPU
		{0719BEF4-98B5-4AE7-9B42-7FE33226156C}.Release|Any CPU.ActiveCfg = Release|Any CPU
		{0719BEF4-98B5-4AE7-9B42-7FE33226156C}.Release|Any CPU.Build.0 = Release|Any CPU
		{C76F05B9-ED11-4CEB-A842-AC1E28C709BC}.Debug|Any CPU.ActiveCfg = Debug|Any CPU
		{C76F05B9-ED11-4CEB-A842-AC1E28C709BC}.Debug|Any CPU.Build.0 = Debug|Any CPU
		{C76F05B9-ED11-4CEB-A842-AC1E28C709BC}.Release|Any CPU.ActiveCfg = Release|Any CPU
		{C76F05B9-ED11-4CEB-A842-AC1E28C709BC}.Release|Any CPU.Build.0 = Release|Any CPU
		{5146AD15-6AD9-4D05-9E0D-3E499280F316}.Debug|Any CPU.ActiveCfg = Debug|Any CPU
		{5146AD15-6AD9-4D05-9E0D-3E499280F316}.Debug|Any CPU.Build.0 = Debug|Any CPU
		{5146AD15-6AD9-4D05-9E0D-3E499280F316}.Release|Any CPU.ActiveCfg = Release|Any CPU
		{5146AD15-6AD9-4D05-9E0D-3E499280F316}.Release|Any CPU.Build.0 = Release|Any CPU
	EndGlobalSection
	GlobalSection(SolutionProperties) = preSolution
		HideSolutionNode = FALSE
	EndGlobalSection
	GlobalSection(NestedProjects) = preSolution
		{5B19C78C-4FB4-4EE8-9352-51A8AB113AAA} = {98D369F1-828A-4EC6-BDA3-21E9FA522E66}
		{D4B50358-1A47-4094-B6A4-25DB162345C2} = {5B19C78C-4FB4-4EE8-9352-51A8AB113AAA}
		{82D9B3CA-6F8C-4779-8B54-F2538572506D} = {94132353-2AE3-4CBB-B145-F87BADDDFE57}
		{6EC6E548-5CE8-40F9-B55E-D91A772F2BF2} = {98D369F1-828A-4EC6-BDA3-21E9FA522E66}
		{D36D30B1-32D0-4DE3-874A-A49DC58AB0BC} = {6EC6E548-5CE8-40F9-B55E-D91A772F2BF2}
		{7D519C3B-C386-4D45-B407-AED6D8F28F86} = {98D369F1-828A-4EC6-BDA3-21E9FA522E66}
		{7C7F8F68-46CC-4F11-9B18-4B64A25EB72D} = {7D519C3B-C386-4D45-B407-AED6D8F28F86}
		{2E07FEE3-34D1-4621-BE33-9D028B160498} = {98D369F1-828A-4EC6-BDA3-21E9FA522E66}
		{F99D1F1A-9DDA-4004-8B0E-B3ED0333C3C3} = {2E07FEE3-34D1-4621-BE33-9D028B160498}
		{0719BEF4-98B5-4AE7-9B42-7FE33226156C} = {2E07FEE3-34D1-4621-BE33-9D028B160498}
		{C76F05B9-ED11-4CEB-A842-AC1E28C709BC} = {2E07FEE3-34D1-4621-BE33-9D028B160498}
		{5146AD15-6AD9-4D05-9E0D-3E499280F316} = {2E07FEE3-34D1-4621-BE33-9D028B160498}
	EndGlobalSection
	GlobalSection(ExtensibilityGlobals) = postSolution
		SolutionGuid = {F4FA9BBF-9F30-4A21-9219-3F63B41A3A12}
	EndGlobalSection
EndGlobal
